
Microsoft Visual Studio Solution File, Format Version 12.00
# Visual Studio 2013
VisualStudioVersion = 12.0.30501.0
MinimumVisualStudioVersion = 10.0.40219.1
Project("{FAE04EC0-301F-11D3-BF4B-00C04F79EFBC}") = "Ejercicio 3", "Ejercicio 3\Ejercicio 3.csproj", "{536F43F1-1D0B-4742-B5A4-8CEE64DA38BC}"
EndProject
Global
	GlobalSection(SolutionConfigurationPlatforms) = preSolution
		Debug|Any CPU = Debug|Any CPU
		Release|Any CPU = Release|Any CPU
	EndGlobalSection
	GlobalSection(ProjectConfigurationPlatforms) = postSolution
		{536F43F1-1D0B-4742-B5A4-8CEE64DA38BC}.Debug|Any CPU.ActiveCfg = Debug|Any CPU
		{536F43F1-1D0B-4742-B5A4-8CEE64DA38BC}.Debug|Any CPU.Build.0 = Debug|Any CPU
		{536F43F1-1D0B-4742-B5A4-8CEE64DA38BC}.Release|Any CPU.ActiveCfg = Release|Any CPU
		{536F43F1-1D0B-4742-B5A4-8CEE64DA38BC}.Release|Any CPU.Build.0 = Release|Any CPU
	EndGlobalSection
	GlobalSection(SolutionProperties) = preSolution
		HideSolutionNode = FALSE
	EndGlobalSection
EndGlobal
